
Microsoft Visual Studio Solution File, Format Version 12.00
# Visual Studio Version 17
VisualStudioVersion = 17.4.33213.308
MinimumVisualStudioVersion = 10.0.40219.1
Project("{FAE04EC0-301F-11D3-BF4B-00C04F79EFBC}") = "Task1", "Task1\Task1.csproj", "{6A342250-53BC-47D4-9364-003B1413C46E}"
EndProject
Global
	GlobalSection(SolutionConfigurationPlatforms) = preSolution
		Debug|Any CPU = Debug|Any CPU
		Release|Any CPU = Release|Any CPU
	EndGlobalSection
	GlobalSection(ProjectConfigurationPlatforms) = postSolution
		{6A342250-53BC-47D4-9364-003B1413C46E}.Debug|Any CPU.ActiveCfg = Debug|Any CPU
		{6A342250-53BC-47D4-9364-003B1413C46E}.Debug|Any CPU.Build.0 = Debug|Any CPU
		{6A342250-53BC-47D4-9364-003B1413C46E}.Release|Any CPU.ActiveCfg = Release|Any CPU
		{6A342250-53BC-47D4-9364-003B1413C46E}.Release|Any CPU.Build.0 = Release|Any CPU
	EndGlobalSection
	GlobalSection(SolutionProperties) = preSolution
		HideSolutionNode = FALSE
	EndGlobalSection
	GlobalSection(ExtensibilityGlobals) = postSolution
		SolutionGuid = {F32A6AAA-BA0D-404B-A0BE-2C6CF2D52080}
	EndGlobalSection
EndGlobal
